
Microsoft Visual Studio Solution File, Format Version 12.00
# Visual Studio Version 16
VisualStudioVersion = 16.0.810.7
MinimumVisualStudioVersion = 10.0.40219.1
Project("{FAE04EC0-301F-11D3-BF4B-00C04F79EFBC}") = "EmailDemo", "EmailDemo\EmailDemo.csproj", "{0ECBA0D9-DF3A-4560-B0C5-E2B8680BFA3B}"
EndProject
Global
	GlobalSection(SolutionConfigurationPlatforms) = preSolution
		Debug|Any CPU = Debug|Any CPU
		Release|Any CPU = Release|Any CPU
	EndGlobalSection
	GlobalSection(ProjectConfigurationPlatforms) = postSolution
		{0ECBA0D9-DF3A-4560-B0C5-E2B8680BFA3B}.Debug|Any CPU.ActiveCfg = Debug|Any CPU
		{0ECBA0D9-DF3A-4560-B0C5-E2B8680BFA3B}.Debug|Any CPU.Build.0 = Debug|Any CPU
		{0ECBA0D9-DF3A-4560-B0C5-E2B8680BFA3B}.Release|Any CPU.ActiveCfg = Release|Any CPU
		{0ECBA0D9-DF3A-4560-B0C5-E2B8680BFA3B}.Release|Any CPU.Build.0 = Release|Any CPU
	EndGlobalSection
	GlobalSection(SolutionProperties) = preSolution
		HideSolutionNode = FALSE
	EndGlobalSection
	GlobalSection(ExtensibilityGlobals) = postSolution
		SolutionGuid = {476CD474-57B5-412E-8D66-E30CC56A25A2}
	EndGlobalSection
EndGlobal
